
Microsoft Visual Studio Solution File, Format Version 12.00
# Visual Studio Version 16
VisualStudioVersion = 16.0.31729.503
MinimumVisualStudioVersion = 10.0.40219.1
Project("{9A19103F-16F7-4668-BE54-9A1E7A4F7556}") = "MaxCleanAPI", "MaxCleanAPI\MaxCleanAPI.csproj", "{5AD94D15-D5A7-43DF-90CF-3A1ABB1EF2BF}"
EndProject
Project("{9A19103F-16F7-4668-BE54-9A1E7A4F7556}") = "MaxCleanDAL", "MaxCleanDAL\MaxCleanDAL.csproj", "{F9A411AF-327C-44EB-8027-FFBE3989D2BA}"
EndProject
Project("{FAE04EC0-301F-11D3-BF4B-00C04F79EFBC}") = "MaxCleanModel", "MaxCleanModel\MaxCleanModel.csproj", "{AB0C3DCF-57FB-4034-8009-6BBFB76CF922}"
EndProject
Global
	GlobalSection(SolutionConfigurationPlatforms) = preSolution
		Debug|Any CPU = Debug|Any CPU
		Release|Any CPU = Release|Any CPU
	EndGlobalSection
	GlobalSection(ProjectConfigurationPlatforms) = postSolution
		{5AD94D15-D5A7-43DF-90CF-3A1ABB1EF2BF}.Debug|Any CPU.ActiveCfg = Debug|Any CPU
		{5AD94D15-D5A7-43DF-90CF-3A1ABB1EF2BF}.Debug|Any CPU.Build.0 = Debug|Any CPU
		{5AD94D15-D5A7-43DF-90CF-3A1ABB1EF2BF}.Release|Any CPU.ActiveCfg = Release|Any CPU
		{5AD94D15-D5A7-43DF-90CF-3A1ABB1EF2BF}.Release|Any CPU.Build.0 = Release|Any CPU
		{F9A411AF-327C-44EB-8027-FFBE3989D2BA}.Debug|Any CPU.ActiveCfg = Debug|Any CPU
		{F9A411AF-327C-44EB-8027-FFBE3989D2BA}.Debug|Any CPU.Build.0 = Debug|Any CPU
		{F9A411AF-327C-44EB-8027-FFBE3989D2BA}.Release|Any CPU.ActiveCfg = Release|Any CPU
		{F9A411AF-327C-44EB-8027-FFBE3989D2BA}.Release|Any CPU.Build.0 = Release|Any CPU
		{AB0C3DCF-57FB-4034-8009-6BBFB76CF922}.Debug|Any CPU.ActiveCfg = Debug|Any CPU
		{AB0C3DCF-57FB-4034-8009-6BBFB76CF922}.Debug|Any CPU.Build.0 = Debug|Any CPU
		{AB0C3DCF-57FB-4034-8009-6BBFB76CF922}.Release|Any CPU.ActiveCfg = Release|Any CPU
		{AB0C3DCF-57FB-4034-8009-6BBFB76CF922}.Release|Any CPU.Build.0 = Release|Any CPU
	EndGlobalSection
	GlobalSection(SolutionProperties) = preSolution
		HideSolutionNode = FALSE
	EndGlobalSection
	GlobalSection(ExtensibilityGlobals) = postSolution
		SolutionGuid = {9B07059E-46A7-43E8-8AF7-76F39C9CA67C}
	EndGlobalSection
EndGlobal
